{
  "name": "@dwell-protocol/terminal",
  "version": "0.2.0",
  "lockfileVersion": 3,
  "requires": true,
  "packages": {
    "": {
      "name": "@dwell-protocol/terminal",
      "version": "0.2.0",
      "hasInstallScript": true,
      "license": "UNLICENSED",
      "bin": {
        "dwell": "bin/dwell.js"
      },
      "engines": {
        "node": ">=20.12.0"
      }
    }
  }
}
